// !$*UTF8*$!
{
	archiveVersion = 1;
	classes = {
	};
	objectVersion = 46;
	objects = {

/* Begin PBXBuildFile section */
		36131F681F22697E00EAE77E /* AppDelegate.swift in Sources */ = {isa = PBXBuildFile; fileRef = 36131F671F22697E00EAE77E /* AppDelegate.swift */; };
		36131F6A1F22697E00EAE77E /* art.scnassets in Resources */ = {isa = PBXBuildFile; fileRef = 36131F691F22697E00EAE77E /* art.scnassets */; };
		36131F6C1F22697E00EAE77E /* GameViewController.swift in Sources */ = {isa = PBXBuildFile; fileRef = 36131F6B1F22697E00EAE77E /* GameViewController.swift */; };
		36131F6F1F22697E00EAE77E /* Main.storyboard in Resources */ = {isa = PBXBuildFile; fileRef = 36131F6D1F22697E00EAE77E /* Main.storyboard */; };
		36131F711F22697E00EAE77E /* Assets.xcassets in Resources */ = {isa = PBXBuildFile; fileRef = 36131F701F22697E00EAE77E /* Assets.xcassets */; };
		36131F741F22697E00EAE77E /* LaunchScreen.storyboard in Resources */ = {isa = PBXBuildFile; fileRef = 36131F721F22697E00EAE77E /* LaunchScreen.storyboard */; };
		36131F7F1F22697E00EAE77E /* SceneKitDemoTests.swift in Sources */ = {isa = PBXBuildFile; fileRef = 36131F7E1F22697E00EAE77E /* SceneKitDemoTests.swift */; };
/* End PBXBuildFile section */

/* Begin PBXContainerItemProxy section */
		36131F7B1F22697E00EAE77E /* PBXContainerItemProxy */ = {
			isa = PBXContainerItemProxy;
			containerPortal = 36131F5C1F22697E00EAE77E /* Project object */;
			proxyType = 1;
			remoteGlobalIDString = 36131F631F22697E00EAE77E;
			remoteInfo = SceneKitDemo;
		};
/* End PBXContainerItemProxy section */

/* Begin PBXFileReference section */
		36131F641F22697E00EAE77E /* SceneKitDemo.app */ = {isa = PBXFileReference; explicitFileType = wrapper.application; includeInIndex = 0; path = SceneKitDemo.app; sourceTree = BUILT_PRODUCTS_DIR; };
		36131F671F22697E00EAE77E /* AppDelegate.swift */ = {isa = PBXFileReference; lastKnownFileType = sourcecode.swift; path = AppDelegate.swift; sourceTree = "<group>"; };
		36131F691F22697E00EAE77E /* art.scnassets */ = {isa = PBXFileReference; lastKnownFileType = wrapper.scnassets; path = art.scnassets; sourceTree = "<group>"; };
		36131F6B1F22697E00EAE77E /* GameViewController.swift */ = {isa = PBXFileReference; lastKnownFileType = sourcecode.swift; path = GameViewController.swift; sourceTree = "<group>"; };
		36131F6E1F22697E00EAE77E /* Base */ = {isa = PBXFileReference; lastKnownFileType = file.storyboard; name = Base; path = Base.lproj/Main.storyboard; sourceTree = "<group>"; };
		36131F701F22697E00EAE77E /* Assets.xcassets */ = {isa = PBXFileReference; lastKnownFileType = folder.assetcatalog; path = Assets.xcassets; sourceTree = "<group>"; };
		36131F731F22697E00EAE77E /* Base */ = {isa = PBXFileReference; lastKnownFileType = file.storyboard; name = Base; path = Base.lproj/LaunchScreen.storyboard; sourceTree = "<group>"; };
		36131F751F22697E00EAE77E /* Info.plist */ = {isa = PBXFileReference; lastKnownFileType = text.plist.xml; path = Info.plist; sourceTree = "<group>"; };
		36131F7A1F22697E00EAE77E /* SceneKitDemoTests.xctest */ = {isa = PBXFileReference; explicitFileType = wrapper.cfbundle; includeInIndex = 0; path = SceneKitDemoTests.xctest; sourceTree = BUILT_PRODUCTS_DIR; };
		36131F7E1F22697E00EAE77E /* SceneKitDemoTests.swift */ = {isa = PBXFileReference; lastKnownFileType = sourcecode.swift; path = SceneKitDemoTests.swift; sourceTree = "<group>"; };
		36131F801F22697E00EAE77E /* Info.plist */ = {isa = PBXFileReference; lastKnownFileType = text.plist.xml; path = Info.plist; sourceTree = "<group>"; };
/* End PBXFileReference section */

/* Begin PBXFrameworksBuildPhase section */
		36131F611F22697E00EAE77E /* Frameworks */ = {
			isa = PBXFrameworksBuildPhase;
			buildActionMask = 2147483647;
			files = (
			);
			runOnlyForDeploymentPostprocessing = 0;
		};
		36131F771F22697E00EAE77E /* Frameworks */ = {
			isa = PBXFrameworksBuildPhase;
			buildActionMask = 2147483647;
			files = (
			);
			runOnlyForDeploymentPostprocessing = 0;
		};
/* End PBXFrameworksBuildPhase section */

/* Begin PBXGroup section */
		36131F5B1F22697E00EAE77E = {
			isa = PBXGroup;
			children = (
				36131F661F22697E00EAE77E /* SceneKitDemo */,
				36131F7D1F22697E00EAE77E /* SceneKitDemoTests */,
				36131F651F22697E00EAE77E /* Products */,
			);
			sourceTree = "<group>";
		};
		36131F651F22697E00EAE77E /* Products */ = {
			isa = PBXGroup;
			children = (
				36131F641F22697E00EAE77E /* SceneKitDemo.app */,
				36131F7A1F22697E00EAE77E /* SceneKitDemoTests.xctest */,
			);
			name = Products;
			sourceTree = "<group>";
		};
		36131F661F22697E00EAE77E /* SceneKitDemo */ = {
			isa = PBXGroup;
			children = (
				36131F671F22697E00EAE77E /* AppDelegate.swift */,
				36131F691F22697E00EAE77E /* art.scnassets */,
				36131F6B1F22697E00EAE77E /* GameViewController.swift */,
				36131F6D1F22697E00EAE77E /* Main.storyboard */,
				36131F701F22697E00EAE77E /* Assets.xcassets */,
				36131F721F22697E00EAE77E /* LaunchScreen.storyboard */,
				36131F751F22697E00EAE77E /* Info.plist */,
			);
			path = SceneKitDemo;
			sourceTree = "<group>";
		};
		36131F7D1F22697E00EAE77E /* SceneKitDemoTests */ = {
			isa = PBXGroup;
			children = (
				36131F7E1F22697E00EAE77E /* SceneKitDemoTests.swift */,
				36131F801F22697E00EAE77E /* Info.plist */,
			);
			path = SceneKitDemoTests;
			sourceTree = "<group>";
		};
/* End PBXGroup section */

/* Begin PBXNativeTarget section */
		36131F631F22697E00EAE77E /* SceneKitDemo */ = {
			isa = PBXNativeTarget;
			buildConfigurationList = 36131F831F22697E00EAE77E /* Build configuration list for PBXNativeTarget "SceneKitDemo" */;
			buildPhases = (
				36131F601F22697E00EAE77E /* Sources */,
				36131F611F22697E00EAE77E /* Frameworks */,
				36131F621F22697E00EAE77E /* Resources */,
			);
			buildRules = (
			);
			dependencies = (
			);
			name = SceneKitDemo;
			productName = SceneKitDemo;
			productReference = 36131F641F22697E00EAE77E /* SceneKitDemo.app */;
			productType = "com.apple.product-type.application";
		};
		36131F791F22697E00EAE77E /* SceneKitDemoTests */ = {
			isa = PBXNativeTarget;
			buildConfigurationList = 36131F861F22697E00EAE77E /* Build configuration list for PBXNativeTarget "SceneKitDemoTests" */;
			buildPhases = (
				36131F761F22697E00EAE77E /* Sources */,
				36131F771F22697E00EAE77E /* Frameworks */,
				36131F781F22697E00EAE77E /* Resources */,
			);
			buildRules = (
			);
			dependencies = (
				36131F7C1F22697E00EAE77E /* PBXTargetDependency */,
			);
			name = SceneKitDemoTests;
			productName = SceneKitDemoTests;
			productReference = 36131F7A1F22697E00EAE77E /* SceneKitDemoTests.xctest */;
			productType = "com.apple.product-type.bundle.unit-test";
		};
/* End PBXNativeTarget section */

/* Begin PBXProject section */
		36131F5C1F22697E00EAE77E /* Project object */ = {
			isa = PBXProject;
			attributes = {
				LastSwiftUpdateCheck = 0830;
				LastUpgradeCheck = 0830;
				ORGANIZATIONNAME = "Eric Internicola";
				TargetAttributes = {
					36131F631F22697E00EAE77E = {
						CreatedOnToolsVersion = 8.3.3;
						ProvisioningStyle = Automatic;
					};
					36131F791F22697E00EAE77E = {
						CreatedOnToolsVersion = 8.3.3;
						ProvisioningStyle = Automatic;
						TestTargetID = 36131F631F22697E00EAE77E;
					};
				};
			};
			buildConfigurationList = 36131F5F1F22697E00EAE77E /* Build configuration list for PBXProject "SceneKitDemo" */;
			compatibilityVersion = "Xcode 3.2";
			developmentRegion = English;
			hasScannedForEncodings = 0;
			knownRegions = (
				en,
				Base,
			);
			mainGroup = 36131F5B1F22697E00EAE77E;
			productRefGroup = 36131F651F22697E00EAE77E /* Products */;
			projectDirPath = "";
			projectRoot = "";
			targets = (
				36131F631F22697E00EAE77E /* SceneKitDemo */,
				36131F791F22697E00EAE77E /* SceneKitDemoTests */,
			);
		};
/* End PBXProject section */

/* Begin PBXResourcesBuildPhase section */
		36131F621F22697E00EAE77E /* Resources */ = {
			isa = PBXResourcesBuildPhase;
			buildActionMask = 2147483647;
			files = (
				36131F6A1F22697E00EAE77E /* art.scnassets in Resources */,
				36131F741F22697E00EAE77E /* LaunchScreen.storyboard in Resources */,
				36131F711F22697E00EAE77E /* Assets.xcassets in Resources */,
				36131F6F1F22697E00EAE77E /* Main.storyboard in Resources */,
			);
			runOnlyForDeploymentPostprocessing = 0;
		};
		36131F781F22697E00EAE77E /* Resources */ = {
			isa = PBXResourcesBuildPhase;
			buildActionMask = 2147483647;
			files = (
			);
			runOnlyForDeploymentPostprocessing = 0;
		};
/* End PBXResourcesBuildPhase section */

/* Begin PBXSourcesBuildPhase section */
		36131F601F22697E00EAE77E /* Sources */ = {
			isa = PBXSourcesBuildPhase;
			buildActionMask = 2147483647;
			files = (
				36131F6C1F22697E00EAE77E /* GameViewController.swift in Sources */,
				36131F681F22697E00EAE77E /* AppDelegate.swift in Sources */,
			);
			runOnlyForDeploymentPostprocessing = 0;
		};
		36131F761F22697E00EAE77E /* Sources */ = {
			isa = PBXSourcesBuildPhase;
			buildActionMask = 2147483647;
			files = (
				36131F7F1F22697E00EAE77E /* SceneKitDemoTests.swift in Sources */,
			);
			runOnlyForDeploymentPostprocessing = 0;
		};
/* End PBXSourcesBuildPhase section */

/* Begin PBXTargetDependency section */
		36131F7C1F22697E00EAE77E /* PBXTargetDependency */ = {
			isa = PBXTargetDependency;
			target = 36131F631F22697E00EAE77E /* SceneKitDemo */;
			targetProxy = 36131F7B1F22697E00EAE77E /* PBXContainerItemProxy */;
		};
/* End PBXTargetDependency section */

/* Begin PBXVariantGroup section */
		36131F6D1F22697E00EAE77E /* Main.storyboard */ = {
			isa = PBXVariantGroup;
			children = (
				36131F6E1F22697E00EAE77E /* Base */,
			);
			name = Main.storyboard;
			sourceTree = "<group>";
		};
		36131F721F22697E00EAE77E /* LaunchScreen.storyboard */ = {
			isa = PBXVariantGroup;
			children = (
				36131F731F22697E00EAE77E /* Base */,
			);
			name = LaunchScreen.storyboard;
			sourceTree = "<group>";
		};
/* End PBXVariantGroup section */

/* Begin XCBuildConfiguration section */
		36131F811F22697E00EAE77E /* Debug */ = {
			isa = XCBuildConfiguration;
			buildSettings = {
				ALWAYS_SEARCH_USER_PATHS = NO;
				CLANG_ANALYZER_NONNULL = YES;
				CLANG_ANALYZER_NUMBER_OBJECT_CONVERSION = YES_AGGRESSIVE;
				CLANG_CXX_LANGUAGE_STANDARD = "gnu++0x";
				CLANG_CXX_LIBRARY = "libc++";
				CLANG_ENABLE_MODULES = YES;
				CLANG_ENABLE_OBJC_ARC = YES;
				CLANG_WARN_BOOL_CONVERSION = YES;
				CLANG_WARN_CONSTANT_CONVERSION = YES;
				CLANG_WARN_DIRECT_OBJC_ISA_USAGE = YES_ERROR;
				CLANG_WARN_DOCUMENTATION_COMMENTS = YES;
				CLANG_WARN_EMPTY_BODY = YES;
				CLANG_WARN_ENUM_CONVERSION = YES;
				CLANG_WARN_INFINITE_RECURSION = YES;
				CLANG_WARN_INT_CONVERSION = YES;
				CLANG_WARN_OBJC_ROOT_CLASS = YES_ERROR;
				CLANG_WARN_SUSPICIOUS_MOVE = YES;
				CLANG_WARN_UNREACHABLE_CODE = YES;
				CLANG_WARN__DUPLICATE_METHOD_MATCH = YES;
				"CODE_SIGN_IDENTITY[sdk=iphoneos*]" = "iPhone Developer";
				COPY_PHASE_STRIP = NO;
				DEBUG_INFORMATION_FORMAT = dwarf;
				ENABLE_STRICT_OBJC_MSGSEND = YES;
				ENABLE_TESTABILITY = YES;
				GCC_C_LANGUAGE_STANDARD = gnu99;
				GCC_DYNAMIC_NO_PIC = NO;
				GCC_NO_COMMON_BLOCKS = YES;
				GCC_OPTIMIZATION_LEVEL = 0;
				GCC_PREPROCESSOR_DEFINITIONS = (
					"DEBUG=1",
					"$(inherited)",
				);
				GCC_WARN_64_TO_32_BIT_CONVERSION = YES;
				GCC_WARN_ABOUT_RETURN_TYPE = YES_ERROR;
				GCC_WARN_UNDECLARED_SELECTOR = YES;
				GCC_WARN_UNINITIALIZED_AUTOS = YES_AGGRESSIVE;
				GCC_WARN_UNUSED_FUNCTION = YES;
				GCC_WARN_UNUSED_VARIABLE = YES;
				IPHONEOS_DEPLOYMENT_TARGET = 10.3;
				MTL_ENABLE_DEBUG_INFO = YES;
				ONLY_ACTIVE_ARCH = YES;
				SDKROOT = iphoneos;
				SWIFT_ACTIVE_COMPILATION_CONDITIONS = DEBUG;
				SWIFT_OPTIMIZATION_LEVEL = "-Onone";
				TARGETED_DEVICE_FAMILY = "1,2";
			};
			name = Debug;
		};
		36131F821F22697E00EAE77E /* Release */ = {
			isa = XCBuildConfiguration;
			buildSettings = {
				ALWAYS_SEARCH_USER_PATHS = NO;
				CLANG_ANALYZER_NONNULL = YES;
				CLANG_ANALYZER_NUMBER_OBJECT_CONVERSION = YES_AGGRESSIVE;
				CLANG_CXX_LANGUAGE_STANDARD = "gnu++0x";
				CLANG_CXX_LIBRARY = "libc++";
				CLANG_ENABLE_MODULES = YES;
				CLANG_ENABLE_OBJC_ARC = YES;
				CLANG_WARN_BOOL_CONVERSION = YES;
				CLANG_WARN_CONSTANT_CONVERSION = YES;
				CLANG_WARN_DIRECT_OBJC_ISA_USAGE = YES_ERROR;
				CLANG_WARN_DOCUMENTATION_COMMENTS = YES;
				CLANG_WARN_EMPTY_BODY = YES;
				CLANG_WARN_ENUM_CONVERSION = YES;
				CLANG_WARN_INFINITE_RECURSION = YES;
				CLANG_WARN_INT_CONVERSION = YES;
				CLANG_WARN_OBJC_ROOT_CLASS = YES_ERROR;
				CLANG_WARN_SUSPICIOUS_MOVE = YES;
				CLANG_WARN_UNREACHABLE_CODE = YES;
				CLANG_WARN__DUPLICATE_METHOD_MATCH = YES;
				"CODE_SIGN_IDENTITY[sdk=iphoneos*]" = "iPhone Developer";
				COPY_PHASE_STRIP = NO;
				DEBUG_INFORMATION_FORMAT = "dwarf-with-dsym";
				ENABLE_NS_ASSERTIONS = NO;
				ENABLE_STRICT_OBJC_MSGSEND = YES;
				GCC_C_LANGUAGE_STANDARD = gnu99;
				GCC_NO_COMMON_BLOCKS = YES;
				GCC_WARN_64_TO_32_BIT_CONVERSION = YES;
				GCC_WARN_ABOUT_RETURN_TYPE = YES_ERROR;
				GCC_WARN_UNDECLARED_SELECTOR = YES;
				GCC_WARN_UNINITIALIZED_AUTOS = YES_AGGRESSIVE;
				GCC_WARN_UNUSED_FUNCTION = YES;
				GCC_WARN_UNUSED_VARIABLE = YES;
				IPHONEOS_DEPLOYMENT_TARGET = 10.3;
				MTL_ENABLE_DEBUG_INFO = NO;
				SDKROOT = iphoneos;
				SWIFT_OPTIMIZATION_LEVEL = "-Owholemodule";
				TARGETED_DEVICE_FAMILY = "1,2";
				VALIDATE_PRODUCT = YES;
			};
			name = Release;
		};
		36131F841F22697E00EAE77E /* Debug */ = {
			isa = XCBuildConfiguration;
			buildSettings = {
				ASSETCATALOG_COMPILER_APPICON_NAME = AppIcon;
				INFOPLIST_FILE = SceneKitDemo/Info.plist;
				LD_RUNPATH_SEARCH_PATHS = "$(inherited) @executable_path/Frameworks";
				PRODUCT_BUNDLE_IDENTIFIER = com.intere.SceneKitDemo;
				PRODUCT_NAME = "$(TARGET_NAME)";
				SWIFT_VERSION = 3.0;
			};
			name = Debug;
		};
		36131F851F22697E00EAE77E /* Release */ = {
			isa = XCBuildConfiguration;
			buildSettings = {
				ASSETCATALOG_COMPILER_APPICON_NAME = AppIcon;
				INFOPLIST_FILE = SceneKitDemo/Info.plist;
				LD_RUNPATH_SEARCH_PATHS = "$(inherited) @executable_path/Frameworks";
				PRODUCT_BUNDLE_IDENTIFIER = com.intere.SceneKitDemo;
				PRODUCT_NAME = "$(TARGET_NAME)";
				SWIFT_VERSION = 3.0;
			};
			name = Release;
		};
		36131F871F22697E00EAE77E /* Debug */ = {
			isa = XCBuildConfiguration;
			buildSettings = {
				ALWAYS_EMBED_SWIFT_STANDARD_LIBRARIES = YES;
				BUNDLE_LOADER = "$(TEST_HOST)";
				INFOPLIST_FILE = SceneKitDemoTests/Info.plist;
				LD_RUNPATH_SEARCH_PATHS = "$(inherited) @executable_path/Frameworks @loader_path/Frameworks";
				PRODUCT_BUNDLE_IDENTIFIER = com.intere.SceneKitDemoTests;
				PRODUCT_NAME = "$(TARGET_NAME)";
				SWIFT_VERSION = 3.0;
				TEST_HOST = "$(BUILT_PRODUCTS_DIR)/SceneKitDemo.app/SceneKitDemo";
			};
			name = Debug;
		};
		36131F881F22697E00EAE77E /* Release */ = {
			isa = XCBuildConfiguration;
			buildSettings = {
				ALWAYS_EMBED_SWIFT_STANDARD_LIBRARIES = YES;
				BUNDLE_LOADER = "$(TEST_HOST)";
				INFOPLIST_FILE = SceneKitDemoTests/Info.plist;
				LD_RUNPATH_SEARCH_PATHS = "$(inherited) @executable_path/Frameworks @loader_path/Frameworks";
				PRODUCT_BUNDLE_IDENTIFIER = com.intere.SceneKitDemoTests;
				PRODUCT_NAME = "$(TARGET_NAME)";
				SWIFT_VERSION = 3.0;
				TEST_HOST = "$(BUILT_PRODUCTS_DIR)/SceneKitDemo.app/SceneKitDemo";
			};
			name = Release;
		};
/* End XCBuildConfiguration section */

/* Begin XCConfigurationList section */
		36131F5F1F22697E00EAE77E /* Build configuration list for PBXProject "SceneKitDemo" */ = {
			isa = XCConfigurationList;
			buildConfigurations = (
				36131F811F22697E00EAE77E /* Debug */,
				36131F821F22697E00EAE77E /* Release */,
			);
			defaultConfigurationIsVisible = 0;
			defaultConfigurationName = Release;
		};
		36131F831F22697E00EAE77E /* Build configuration list for PBXNativeTarget "SceneKitDemo" */ = {
			isa = XCConfigurationList;
			buildConfigurations = (
				36131F841F22697E00EAE77E /* Debug */,
				36131F851F22697E00EAE77E /* Release */,
			);
			defaultConfigurationIsVisible = 0;
		};
		36131F861F22697E00EAE77E /* Build configuration list for PBXNativeTarget "SceneKitDemoTests" */ = {
			isa = XCConfigurationList;
			buildConfigurations = (
				36131F871F22697E00EAE77E /* Debug */,
				36131F881F22697E00EAE77E /* Release */,
			);
			defaultConfigurationIsVisible = 0;
		};
/* End XCConfigurationList section */
	};
	rootObject = 36131F5C1F22697E00EAE77E /* Project object */;
}
